
Microsoft Visual Studio Solution File, Format Version 12.00
# Visual Studio 2012
Project("{FAE04EC0-301F-11D3-BF4B-00C04F79EFBC}") = "QuickSorting", "QuickSorting\QuickSorting.csproj", "{BDCC0846-1D4A-416F-AAC2-6EA30EF9B151}"
EndProject
Global
	GlobalSection(SolutionConfigurationPlatforms) = preSolution
		Debug|Any CPU = Debug|Any CPU
		Release|Any CPU = Release|Any CPU
	EndGlobalSection
	GlobalSection(ProjectConfigurationPlatforms) = postSolution
		{BDCC0846-1D4A-416F-AAC2-6EA30EF9B151}.Debug|Any CPU.ActiveCfg = Debug|Any CPU
		{BDCC0846-1D4A-416F-AAC2-6EA30EF9B151}.Debug|Any CPU.Build.0 = Debug|Any CPU
		{BDCC0846-1D4A-416F-AAC2-6EA30EF9B151}.Release|Any CPU.ActiveCfg = Release|Any CPU
		{BDCC0846-1D4A-416F-AAC2-6EA30EF9B151}.Release|Any CPU.Build.0 = Release|Any CPU
	EndGlobalSection
	GlobalSection(SolutionProperties) = preSolution
		HideSolutionNode = FALSE
	EndGlobalSection
EndGlobal
